
Microsoft Visual Studio Solution File, Format Version 12.00
# Visual Studio Version 16
VisualStudioVersion = 16.0.28803.352
MinimumVisualStudioVersion = 10.0.40219.1
Project("{FAE04EC0-301F-11D3-BF4B-00C04F79EFBC}") = "ComplexNumbers", "ComplexNumbers\ComplexNumbers.csproj", "{43096C59-430A-450E-9E5D-36A6658962CF}"
EndProject
Project("{FAE04EC0-301F-11D3-BF4B-00C04F79EFBC}") = "MySetCollection", "MySetCollection\MySetCollection.csproj", "{69E7BE4D-A1AD-48F0-BB0F-791AFA8E054F}"
EndProject
Project("{FAE04EC0-301F-11D3-BF4B-00C04F79EFBC}") = "Streams", "Streams\Streams.csproj", "{338BF0BB-FD24-4EB9-B2B3-E63BD281C578}"
EndProject
Project("{FAE04EC0-301F-11D3-BF4B-00C04F79EFBC}") = "SleepingBarberProblem", "SleepingBarberProblem\SleepingBarberProblem.csproj", "{B0FA971B-F68C-447C-9753-CAA3CD6A9155}"
EndProject
Global
	GlobalSection(SolutionConfigurationPlatforms) = preSolution
		Debug|Any CPU = Debug|Any CPU
		Release|Any CPU = Release|Any CPU
	EndGlobalSection
	GlobalSection(ProjectConfigurationPlatforms) = postSolution
		{43096C59-430A-450E-9E5D-36A6658962CF}.Debug|Any CPU.ActiveCfg = Debug|Any CPU
		{43096C59-430A-450E-9E5D-36A6658962CF}.Debug|Any CPU.Build.0 = Debug|Any CPU
		{43096C59-430A-450E-9E5D-36A6658962CF}.Release|Any CPU.ActiveCfg = Release|Any CPU
		{43096C59-430A-450E-9E5D-36A6658962CF}.Release|Any CPU.Build.0 = Release|Any CPU
		{69E7BE4D-A1AD-48F0-BB0F-791AFA8E054F}.Debug|Any CPU.ActiveCfg = Debug|Any CPU
		{69E7BE4D-A1AD-48F0-BB0F-791AFA8E054F}.Debug|Any CPU.Build.0 = Debug|Any CPU
		{69E7BE4D-A1AD-48F0-BB0F-791AFA8E054F}.Release|Any CPU.ActiveCfg = Release|Any CPU
		{69E7BE4D-A1AD-48F0-BB0F-791AFA8E054F}.Release|Any CPU.Build.0 = Release|Any CPU
		{338BF0BB-FD24-4EB9-B2B3-E63BD281C578}.Debug|Any CPU.ActiveCfg = Debug|Any CPU
		{338BF0BB-FD24-4EB9-B2B3-E63BD281C578}.Debug|Any CPU.Build.0 = Debug|Any CPU
		{338BF0BB-FD24-4EB9-B2B3-E63BD281C578}.Release|Any CPU.ActiveCfg = Release|Any CPU
		{338BF0BB-FD24-4EB9-B2B3-E63BD281C578}.Release|Any CPU.Build.0 = Release|Any CPU
		{B0FA971B-F68C-447C-9753-CAA3CD6A9155}.Debug|Any CPU.ActiveCfg = Debug|Any CPU
		{B0FA971B-F68C-447C-9753-CAA3CD6A9155}.Debug|Any CPU.Build.0 = Debug|Any CPU
		{B0FA971B-F68C-447C-9753-CAA3CD6A9155}.Release|Any CPU.ActiveCfg = Release|Any CPU
		{B0FA971B-F68C-447C-9753-CAA3CD6A9155}.Release|Any CPU.Build.0 = Release|Any CPU
	EndGlobalSection
	GlobalSection(SolutionProperties) = preSolution
		HideSolutionNode = FALSE
	EndGlobalSection
	GlobalSection(ExtensibilityGlobals) = postSolution
		SolutionGuid = {3F01BCDB-BF48-42FE-BD24-543C7A496EAA}
	EndGlobalSection
EndGlobal
